
Microsoft Visual Studio Solution File, Format Version 12.00
# Visual Studio Version 17
VisualStudioVersion = 17.6.33712.159
MinimumVisualStudioVersion = 10.0.40219.1
Project("{FAE04EC0-301F-11D3-BF4B-00C04F79EFBC}") = "TesteOxxy", "TesteOxxy.csproj", "{DD862C1F-133B-40DF-B4B1-77CF3D243E21}"
EndProject
Global
	GlobalSection(SolutionConfigurationPlatforms) = preSolution
		Debug|Any CPU = Debug|Any CPU
		Release|Any CPU = Release|Any CPU
	EndGlobalSection
	GlobalSection(ProjectConfigurationPlatforms) = postSolution
		{DD862C1F-133B-40DF-B4B1-77CF3D243E21}.Debug|Any CPU.ActiveCfg = Debug|Any CPU
		{DD862C1F-133B-40DF-B4B1-77CF3D243E21}.Debug|Any CPU.Build.0 = Debug|Any CPU
		{DD862C1F-133B-40DF-B4B1-77CF3D243E21}.Release|Any CPU.ActiveCfg = Release|Any CPU
		{DD862C1F-133B-40DF-B4B1-77CF3D243E21}.Release|Any CPU.Build.0 = Release|Any CPU
	EndGlobalSection
	GlobalSection(SolutionProperties) = preSolution
		HideSolutionNode = FALSE
	EndGlobalSection
	GlobalSection(ExtensibilityGlobals) = postSolution
		SolutionGuid = {39E2D8C5-30DF-456A-B003-6CBAF7B39D0E}
	EndGlobalSection
EndGlobal
